
Microsoft Visual Studio Solution File, Format Version 12.00
# Visual Studio 15
VisualStudioVersion = 15.0.27703.2035
MinimumVisualStudioVersion = 10.0.40219.1
Project("{FAE04EC0-301F-11D3-BF4B-00C04F79EFBC}") = "DesafioWeb", "DesafioWeb.csproj", "{75FF8ED9-A5B5-454D-BF8B-570B56391498}"
EndProject
Global
	GlobalSection(SolutionConfigurationPlatforms) = preSolution
		Debug|Any CPU = Debug|Any CPU
		Release|Any CPU = Release|Any CPU
	EndGlobalSection
	GlobalSection(ProjectConfigurationPlatforms) = postSolution
		{75FF8ED9-A5B5-454D-BF8B-570B56391498}.Debug|Any CPU.ActiveCfg = Debug|Any CPU
		{75FF8ED9-A5B5-454D-BF8B-570B56391498}.Debug|Any CPU.Build.0 = Debug|Any CPU
		{75FF8ED9-A5B5-454D-BF8B-570B56391498}.Release|Any CPU.ActiveCfg = Release|Any CPU
		{75FF8ED9-A5B5-454D-BF8B-570B56391498}.Release|Any CPU.Build.0 = Release|Any CPU
	EndGlobalSection
	GlobalSection(SolutionProperties) = preSolution
		HideSolutionNode = FALSE
	EndGlobalSection
	GlobalSection(ExtensibilityGlobals) = postSolution
		SolutionGuid = {A8683639-1292-4195-9545-BA17F52B5E64}
	EndGlobalSection
EndGlobal
